
Microsoft Visual Studio Solution File, Format Version 12.00
# Visual Studio Version 16
VisualStudioVersion = 16.0.31515.178
MinimumVisualStudioVersion = 10.0.40219.1
Project("{888888A0-9F3D-457C-B088-3A5042F75D52}") = "Week6Lab2", "Week6Lab2\Week6Lab2.pyproj", "{3B13FEBD-CCFA-417E-9B2B-8BDE9CCA7E8C}"
EndProject
Global
	GlobalSection(SolutionConfigurationPlatforms) = preSolution
		Debug|Any CPU = Debug|Any CPU
		Release|Any CPU = Release|Any CPU
	EndGlobalSection
	GlobalSection(ProjectConfigurationPlatforms) = postSolution
		{3B13FEBD-CCFA-417E-9B2B-8BDE9CCA7E8C}.Debug|Any CPU.ActiveCfg = Debug|Any CPU
		{3B13FEBD-CCFA-417E-9B2B-8BDE9CCA7E8C}.Release|Any CPU.ActiveCfg = Release|Any CPU
	EndGlobalSection
	GlobalSection(SolutionProperties) = preSolution
		HideSolutionNode = FALSE
	EndGlobalSection
	GlobalSection(ExtensibilityGlobals) = postSolution
		SolutionGuid = {5CD6A119-CAF4-4D9A-A88A-BAE54545EE98}
	EndGlobalSection
EndGlobal
